// !$*UTF8*$!
{
	archiveVersion = 1;
	classes = {
	};
	objectVersion = 46;
	objects = {

/* Begin PBXBuildFile section */
		C28536A40B424BDB9741F103 /* libPods.a in Frameworks */ = {isa = PBXBuildFile; fileRef = 7613A75D385B4F668475DAA6 /* libPods.a */; };
		C981833118DAD06A00E2BA7B /* AZYelpClient.m in Sources */ = {isa = PBXBuildFile; fileRef = C981833018DAD06A00E2BA7B /* AZYelpClient.m */; };
		C981833618DBB80400E2BA7B /* AZYelpBusiness.m in Sources */ = {isa = PBXBuildFile; fileRef = C981833518DBB80400E2BA7B /* AZYelpBusiness.m */; };
		C981833918DC0DDE00E2BA7B /* AZYelpSearchResult.m in Sources */ = {isa = PBXBuildFile; fileRef = C981833818DC0DDE00E2BA7B /* AZYelpSearchResult.m */; };
		C981834F18DD00F800E2BA7B /* AZYelpError.m in Sources */ = {isa = PBXBuildFile; fileRef = C981834E18DD00F800E2BA7B /* AZYelpError.m */; };
		C981835418DD3E9100E2BA7B /* AZYelpBusinessCell.m in Sources */ = {isa = PBXBuildFile; fileRef = C981835218DD3E9100E2BA7B /* AZYelpBusinessCell.m */; };
		C981835518DD3E9100E2BA7B /* AZYelpBusinessCell.xib in Resources */ = {isa = PBXBuildFile; fileRef = C981835318DD3E9100E2BA7B /* AZYelpBusinessCell.xib */; };
		C981835A18DE0BCE00E2BA7B /* AZYelpSearchController.m in Sources */ = {isa = PBXBuildFile; fileRef = C981835818DE0BCE00E2BA7B /* AZYelpSearchController.m */; };
		C981835B18DE0BCE00E2BA7B /* AZYelpSearchController.m in Sources */ = {isa = PBXBuildFile; fileRef = C981835818DE0BCE00E2BA7B /* AZYelpSearchController.m */; };
		C981835C18DE0BCE00E2BA7B /* AZYelpSearchController.xib in Resources */ = {isa = PBXBuildFile; fileRef = C981835918DE0BCE00E2BA7B /* AZYelpSearchController.xib */; };
		C981835D18DE0BCE00E2BA7B /* AZYelpSearchController.xib in Resources */ = {isa = PBXBuildFile; fileRef = C981835918DE0BCE00E2BA7B /* AZYelpSearchController.xib */; };
		C981836818DE77D700E2BA7B /* AZYelpLocation.m in Sources */ = {isa = PBXBuildFile; fileRef = C981836718DE77D700E2BA7B /* AZYelpLocation.m */; };
		C981836918DE77D700E2BA7B /* AZYelpLocation.m in Sources */ = {isa = PBXBuildFile; fileRef = C981836718DE77D700E2BA7B /* AZYelpLocation.m */; };
		C981837118DF6C0700E2BA7B /* AZLocationManager.m in Sources */ = {isa = PBXBuildFile; fileRef = C981837018DF6C0700E2BA7B /* AZLocationManager.m */; };
		C981837218DF6C0700E2BA7B /* AZLocationManager.m in Sources */ = {isa = PBXBuildFile; fileRef = C981837018DF6C0700E2BA7B /* AZLocationManager.m */; };
		C981837418DF727500E2BA7B /* CoreLocation.framework in Frameworks */ = {isa = PBXBuildFile; fileRef = C981837318DF727500E2BA7B /* CoreLocation.framework */; };
		C981837818DF8F5B00E2BA7B /* AZYelpNavigationController.m in Sources */ = {isa = PBXBuildFile; fileRef = C981837618DF8F5B00E2BA7B /* AZYelpNavigationController.m */; };
		C981837918DF8F5B00E2BA7B /* AZYelpNavigationController.m in Sources */ = {isa = PBXBuildFile; fileRef = C981837618DF8F5B00E2BA7B /* AZYelpNavigationController.m */; };
		C981837F18DF9A6300E2BA7B /* AZYelpSearchBar.m in Sources */ = {isa = PBXBuildFile; fileRef = C981837D18DF9A6300E2BA7B /* AZYelpSearchBar.m */; };
		C981838018DF9A6300E2BA7B /* AZYelpSearchBar.m in Sources */ = {isa = PBXBuildFile; fileRef = C981837D18DF9A6300E2BA7B /* AZYelpSearchBar.m */; };
		C981838118DF9A6300E2BA7B /* AZYelpSearchBar.xib in Resources */ = {isa = PBXBuildFile; fileRef = C981837E18DF9A6300E2BA7B /* AZYelpSearchBar.xib */; };
		C981838218DF9A6300E2BA7B /* AZYelpSearchBar.xib in Resources */ = {isa = PBXBuildFile; fileRef = C981837E18DF9A6300E2BA7B /* AZYelpSearchBar.xib */; };
		C981838918DFAC0700E2BA7B /* AZYelpFilterController.m in Sources */ = {isa = PBXBuildFile; fileRef = C981838718DFAC0700E2BA7B /* AZYelpFilterController.m */; };
		C981838A18DFAC0700E2BA7B /* AZYelpFilterController.m in Sources */ = {isa = PBXBuildFile; fileRef = C981838718DFAC0700E2BA7B /* AZYelpFilterController.m */; };
		C981838B18DFAC0700E2BA7B /* AZYelpFilterController.xib in Resources */ = {isa = PBXBuildFile; fileRef = C981838818DFAC0700E2BA7B /* AZYelpFilterController.xib */; };
		C981838C18DFAC0700E2BA7B /* AZYelpFilterController.xib in Resources */ = {isa = PBXBuildFile; fileRef = C981838818DFAC0700E2BA7B /* AZYelpFilterController.xib */; };
		C981838E18DFB3E400E2BA7B /* filters.plist in Resources */ = {isa = PBXBuildFile; fileRef = C981838D18DFB3E400E2BA7B /* filters.plist */; };
		C981838F18DFB3E400E2BA7B /* filters.plist in Resources */ = {isa = PBXBuildFile; fileRef = C981838D18DFB3E400E2BA7B /* filters.plist */; };
		C981839E18DFE49700E2BA7B /* AZYelpFilterCell.m in Sources */ = {isa = PBXBuildFile; fileRef = C981839C18DFE49700E2BA7B /* AZYelpFilterCell.m */; };
		C981839F18DFE49700E2BA7B /* AZYelpFilterCell.m in Sources */ = {isa = PBXBuildFile; fileRef = C981839C18DFE49700E2BA7B /* AZYelpFilterCell.m */; };
		C98183A018DFE49700E2BA7B /* AZYelpFilterCell.xib in Resources */ = {isa = PBXBuildFile; fileRef = C981839D18DFE49700E2BA7B /* AZYelpFilterCell.xib */; };
		C98183A118DFE49700E2BA7B /* AZYelpFilterCell.xib in Resources */ = {isa = PBXBuildFile; fileRef = C981839D18DFE49700E2BA7B /* AZYelpFilterCell.xib */; };
		C98183A818E01F8500E2BA7B /* AZYelpFilterLabel.m in Sources */ = {isa = PBXBuildFile; fileRef = C98183A718E01F8500E2BA7B /* AZYelpFilterLabel.m */; };
		C98183A918E01F8500E2BA7B /* AZYelpFilterLabel.m in Sources */ = {isa = PBXBuildFile; fileRef = C98183A718E01F8500E2BA7B /* AZYelpFilterLabel.m */; };
		C9DCDB7818DAAE5C006E587F /* Foundation.framework in Frameworks */ = {isa = PBXBuildFile; fileRef = C9DCDB7718DAAE5B006E587F /* Foundation.framework */; };
		C9DCDB7A18DAAE5C006E587F /* CoreGraphics.framework in Frameworks */ = {isa = PBXBuildFile; fileRef = C9DCDB7918DAAE5C006E587F /* CoreGraphics.framework */; };
		C9DCDB7C18DAAE5C006E587F /* UIKit.framework in Frameworks */ = {isa = PBXBuildFile; fileRef = C9DCDB7B18DAAE5C006E587F /* UIKit.framework */; };
		C9DCDB8218DAAE5C006E587F /* InfoPlist.strings in Resources */ = {isa = PBXBuildFile; fileRef = C9DCDB8018DAAE5C006E587F /* InfoPlist.strings */; };
		C9DCDB8418DAAE5C006E587F /* main.m in Sources */ = {isa = PBXBuildFile; fileRef = C9DCDB8318DAAE5C006E587F /* main.m */; };
		C9DCDB8818DAAE5C006E587F /* AZAppDelegate.m in Sources */ = {isa = PBXBuildFile; fileRef = C9DCDB8718DAAE5C006E587F /* AZAppDelegate.m */; };
		C9DCDB8A18DAAE5C006E587F /* Images.xcassets in Resources */ = {isa = PBXBuildFile; fileRef = C9DCDB8918DAAE5C006E587F /* Images.xcassets */; };
		C9DCDB9118DAAE5C006E587F /* XCTest.framework in Frameworks */ = {isa = PBXBuildFile; fileRef = C9DCDB9018DAAE5C006E587F /* XCTest.framework */; };
		C9DCDB9218DAAE5C006E587F /* Foundation.framework in Frameworks */ = {isa = PBXBuildFile; fileRef = C9DCDB7718DAAE5B006E587F /* Foundation.framework */; };
		C9DCDB9318DAAE5C006E587F /* UIKit.framework in Frameworks */ = {isa = PBXBuildFile; fileRef = C9DCDB7B18DAAE5C006E587F /* UIKit.framework */; };
		C9DCDB9B18DAAE5C006E587F /* InfoPlist.strings in Resources */ = {isa = PBXBuildFile; fileRef = C9DCDB9918DAAE5C006E587F /* InfoPlist.strings */; };
		C9DCDB9D18DAAE5C006E587F /* AZYelpClientTest.m in Sources */ = {isa = PBXBuildFile; fileRef = C9DCDB9C18DAAE5C006E587F /* AZYelpClientTest.m */; };
/* End PBXBuildFile section */

/* Begin PBXContainerItemProxy section */
		C9DCDB9418DAAE5C006E587F /* PBXContainerItemProxy */ = {
			isa = PBXContainerItemProxy;
			containerPortal = C9DCDB6C18DAAE5B006E587F /* Project object */;
			proxyType = 1;
			remoteGlobalIDString = C9DCDB7318DAAE5B006E587F;
			remoteInfo = yelpclient;
		};
/* End PBXContainerItemProxy section */

/* Begin PBXFileReference section */
		5FB785CADB5F4A4485A6323F /* Pods.xcconfig */ = {isa = PBXFileReference; includeInIndex = 1; lastKnownFileType = text.xcconfig; name = Pods.xcconfig; path = Pods/Pods.xcconfig; sourceTree = "<group>"; };
		7613A75D385B4F668475DAA6 /* libPods.a */ = {isa = PBXFileReference; explicitFileType = archive.ar; includeInIndex = 0; path = libPods.a; sourceTree = BUILT_PRODUCTS_DIR; };
		C981832F18DAD06A00E2BA7B /* AZYelpClient.h */ = {isa = PBXFileReference; fileEncoding = 4; lastKnownFileType = sourcecode.c.h; name = AZYelpClient.h; path = net/AZYelpClient.h; sourceTree = "<group>"; };
		C981833018DAD06A00E2BA7B /* AZYelpClient.m */ = {isa = PBXFileReference; fileEncoding = 4; lastKnownFileType = sourcecode.c.objc; name = AZYelpClient.m; path = net/AZYelpClient.m; sourceTree = "<group>"; };
		C981833418DBB80400E2BA7B /* AZYelpBusiness.h */ = {isa = PBXFileReference; fileEncoding = 4; lastKnownFileType = sourcecode.c.h; name = AZYelpBusiness.h; path = models/AZYelpBusiness.h; sourceTree = "<group>"; };
		C981833518DBB80400E2BA7B /* AZYelpBusiness.m */ = {isa = PBXFileReference; fileEncoding = 4; lastKnownFileType = sourcecode.c.objc; name = AZYelpBusiness.m; path = models/AZYelpBusiness.m; sourceTree = "<group>"; };
		C981833718DC0DDE00E2BA7B /* AZYelpSearchResult.h */ = {isa = PBXFileReference; fileEncoding = 4; lastKnownFileType = sourcecode.c.h; name = AZYelpSearchResult.h; path = models/AZYelpSearchResult.h; sourceTree = "<group>"; };
		C981833818DC0DDE00E2BA7B /* AZYelpSearchResult.m */ = {isa = PBXFileReference; fileEncoding = 4; lastKnownFileType = sourcecode.c.objc; name = AZYelpSearchResult.m; path = models/AZYelpSearchResult.m; sourceTree = "<group>"; };
		C981834D18DD00F800E2BA7B /* AZYelpError.h */ = {isa = PBXFileReference; fileEncoding = 4; lastKnownFileType = sourcecode.c.h; name = AZYelpError.h; path = models/AZYelpError.h; sourceTree = "<group>"; };
		C981834E18DD00F800E2BA7B /* AZYelpError.m */ = {isa = PBXFileReference; fileEncoding = 4; lastKnownFileType = sourcecode.c.objc; name = AZYelpError.m; path = models/AZYelpError.m; sourceTree = "<group>"; };
		C981835118DD3E9100E2BA7B /* AZYelpBusinessCell.h */ = {isa = PBXFileReference; fileEncoding = 4; lastKnownFileType = sourcecode.c.h; name = AZYelpBusinessCell.h; path = views/AZYelpBusinessCell.h; sourceTree = "<group>"; };
		C981835218DD3E9100E2BA7B /* AZYelpBusinessCell.m */ = {isa = PBXFileReference; fileEncoding = 4; lastKnownFileType = sourcecode.c.objc; name = AZYelpBusinessCell.m; path = views/AZYelpBusinessCell.m; sourceTree = "<group>"; };
		C981835318DD3E9100E2BA7B /* AZYelpBusinessCell.xib */ = {isa = PBXFileReference; fileEncoding = 4; lastKnownFileType = file.xib; name = AZYelpBusinessCell.xib; path = views/AZYelpBusinessCell.xib; sourceTree = "<group>"; };
		C981835718DE0BCE00E2BA7B /* AZYelpSearchController.h */ = {isa = PBXFileReference; fileEncoding = 4; lastKnownFileType = sourcecode.c.h; name = AZYelpSearchController.h; path = controllers/AZYelpSearchController.h; sourceTree = "<group>"; };
		C981835818DE0BCE00E2BA7B /* AZYelpSearchController.m */ = {isa = PBXFileReference; fileEncoding = 4; lastKnownFileType = sourcecode.c.objc; name = AZYelpSearchController.m; path = controllers/AZYelpSearchController.m; sourceTree = "<group>"; };
		C981835918DE0BCE00E2BA7B /* AZYelpSearchController.xib */ = {isa = PBXFileReference; fileEncoding = 4; lastKnownFileType = file.xib; name = AZYelpSearchController.xib; path = controllers/AZYelpSearchController.xib; sourceTree = "<group>"; };
		C981836618DE77D700E2BA7B /* AZYelpLocation.h */ = {isa = PBXFileReference; fileEncoding = 4; lastKnownFileType = sourcecode.c.h; name = AZYelpLocation.h; path = models/AZYelpLocation.h; sourceTree = "<group>"; };
		C981836718DE77D700E2BA7B /* AZYelpLocation.m */ = {isa = PBXFileReference; fileEncoding = 4; lastKnownFileType = sourcecode.c.objc; name = AZYelpLocation.m; path = models/AZYelpLocation.m; sourceTree = "<group>"; };
		C981836F18DF6C0700E2BA7B /* AZLocationManager.h */ = {isa = PBXFileReference; fileEncoding = 4; lastKnownFileType = sourcecode.c.h; name = AZLocationManager.h; path = utils/AZLocationManager.h; sourceTree = "<group>"; };
		C981837018DF6C0700E2BA7B /* AZLocationManager.m */ = {isa = PBXFileReference; fileEncoding = 4; lastKnownFileType = sourcecode.c.objc; name = AZLocationManager.m; path = utils/AZLocationManager.m; sourceTree = "<group>"; };
		C981837318DF727500E2BA7B /* CoreLocation.framework */ = {isa = PBXFileReference; lastKnownFileType = wrapper.framework; name = CoreLocation.framework; path = System/Library/Frameworks/CoreLocation.framework; sourceTree = SDKROOT; };
		C981837518DF8F5B00E2BA7B /* AZYelpNavigationController.h */ = {isa = PBXFileReference; fileEncoding = 4; lastKnownFileType = sourcecode.c.h; name = AZYelpNavigationController.h; path = controllers/AZYelpNavigationController.h; sourceTree = "<group>"; };
		C981837618DF8F5B00E2BA7B /* AZYelpNavigationController.m */ = {isa = PBXFileReference; fileEncoding = 4; lastKnownFileType = sourcecode.c.objc; name = AZYelpNavigationController.m; path = controllers/AZYelpNavigationController.m; sourceTree = "<group>"; };
		C981837C18DF9A6300E2BA7B /* AZYelpSearchBar.h */ = {isa = PBXFileReference; fileEncoding = 4; lastKnownFileType = sourcecode.c.h; name = AZYelpSearchBar.h; path = views/AZYelpSearchBar.h; sourceTree = "<group>"; };
		C981837D18DF9A6300E2BA7B /* AZYelpSearchBar.m */ = {isa = PBXFileReference; fileEncoding = 4; lastKnownFileType = sourcecode.c.objc; name = AZYelpSearchBar.m; path = views/AZYelpSearchBar.m; sourceTree = "<group>"; };
		C981837E18DF9A6300E2BA7B /* AZYelpSearchBar.xib */ = {isa = PBXFileReference; fileEncoding = 4; lastKnownFileType = file.xib; name = AZYelpSearchBar.xib; path = views/AZYelpSearchBar.xib; sourceTree = "<group>"; };
		C981838618DFAC0700E2BA7B /* AZYelpFilterController.h */ = {isa = PBXFileReference; fileEncoding = 4; lastKnownFileType = sourcecode.c.h; name = AZYelpFilterController.h; path = controllers/AZYelpFilterController.h; sourceTree = "<group>"; };
		C981838718DFAC0700E2BA7B /* AZYelpFilterController.m */ = {isa = PBXFileReference; fileEncoding = 4; lastKnownFileType = sourcecode.c.objc; name = AZYelpFilterController.m; path = controllers/AZYelpFilterController.m; sourceTree = "<group>"; };
		C981838818DFAC0700E2BA7B /* AZYelpFilterController.xib */ = {isa = PBXFileReference; fileEncoding = 4; lastKnownFileType = file.xib; name = AZYelpFilterController.xib; path = controllers/AZYelpFilterController.xib; sourceTree = "<group>"; };
		C981838D18DFB3E400E2BA7B /* filters.plist */ = {isa = PBXFileReference; fileEncoding = 4; lastKnownFileType = text.plist.xml; name = filters.plist; path = yelpclientTests/filters.plist; sourceTree = SOURCE_ROOT; };
		C981839B18DFE49700E2BA7B /* AZYelpFilterCell.h */ = {isa = PBXFileReference; fileEncoding = 4; lastKnownFileType = sourcecode.c.h; name = AZYelpFilterCell.h; path = views/AZYelpFilterCell.h; sourceTree = "<group>"; };
		C981839C18DFE49700E2BA7B /* AZYelpFilterCell.m */ = {isa = PBXFileReference; fileEncoding = 4; lastKnownFileType = sourcecode.c.objc; name = AZYelpFilterCell.m; path = views/AZYelpFilterCell.m; sourceTree = "<group>"; };
		C981839D18DFE49700E2BA7B /* AZYelpFilterCell.xib */ = {isa = PBXFileReference; fileEncoding = 4; lastKnownFileType = file.xib; name = AZYelpFilterCell.xib; path = views/AZYelpFilterCell.xib; sourceTree = "<group>"; };
		C98183A618E01F8500E2BA7B /* AZYelpFilterLabel.h */ = {isa = PBXFileReference; fileEncoding = 4; lastKnownFileType = sourcecode.c.h; name = AZYelpFilterLabel.h; path = views/AZYelpFilterLabel.h; sourceTree = "<group>"; };
		C98183A718E01F8500E2BA7B /* AZYelpFilterLabel.m */ = {isa = PBXFileReference; fileEncoding = 4; lastKnownFileType = sourcecode.c.objc; name = AZYelpFilterLabel.m; path = views/AZYelpFilterLabel.m; sourceTree = "<group>"; };
		C9DCDB7418DAAE5B006E587F /* yelpclient.app */ = {isa = PBXFileReference; explicitFileType = wrapper.application; includeInIndex = 0; path = yelpclient.app; sourceTree = BUILT_PRODUCTS_DIR; };
		C9DCDB7718DAAE5B006E587F /* Foundation.framework */ = {isa = PBXFileReference; lastKnownFileType = wrapper.framework; name = Foundation.framework; path = System/Library/Frameworks/Foundation.framework; sourceTree = SDKROOT; };
		C9DCDB7918DAAE5C006E587F /* CoreGraphics.framework */ = {isa = PBXFileReference; lastKnownFileType = wrapper.framework; name = CoreGraphics.framework; path = System/Library/Frameworks/CoreGraphics.framework; sourceTree = SDKROOT; };
		C9DCDB7B18DAAE5C006E587F /* UIKit.framework */ = {isa = PBXFileReference; lastKnownFileType = wrapper.framework; name = UIKit.framework; path = System/Library/Frameworks/UIKit.framework; sourceTree = SDKROOT; };
		C9DCDB7F18DAAE5C006E587F /* yelpclient-Info.plist */ = {isa = PBXFileReference; lastKnownFileType = text.plist.xml; path = "yelpclient-Info.plist"; sourceTree = "<group>"; };
		C9DCDB8118DAAE5C006E587F /* en */ = {isa = PBXFileReference; lastKnownFileType = text.plist.strings; name = en; path = en.lproj/InfoPlist.strings; sourceTree = "<group>"; };
		C9DCDB8318DAAE5C006E587F /* main.m */ = {isa = PBXFileReference; lastKnownFileType = sourcecode.c.objc; path = main.m; sourceTree = "<group>"; };
		C9DCDB8518DAAE5C006E587F /* yelpclient-Prefix.pch */ = {isa = PBXFileReference; lastKnownFileType = sourcecode.c.h; path = "yelpclient-Prefix.pch"; sourceTree = "<group>"; };
		C9DCDB8618DAAE5C006E587F /* AZAppDelegate.h */ = {isa = PBXFileReference; lastKnownFileType = sourcecode.c.h; path = AZAppDelegate.h; sourceTree = "<group>"; };
		C9DCDB8718DAAE5C006E587F /* AZAppDelegate.m */ = {isa = PBXFileReference; lastKnownFileType = sourcecode.c.objc; path = AZAppDelegate.m; sourceTree = "<group>"; };
		C9DCDB8918DAAE5C006E587F /* Images.xcassets */ = {isa = PBXFileReference; lastKnownFileType = folder.assetcatalog; path = Images.xcassets; sourceTree = "<group>"; };
		C9DCDB8F18DAAE5C006E587F /* yelpclientTests.xctest */ = {isa = PBXFileReference; explicitFileType = wrapper.cfbundle; includeInIndex = 0; path = yelpclientTests.xctest; sourceTree = BUILT_PRODUCTS_DIR; };
		C9DCDB9018DAAE5C006E587F /* XCTest.framework */ = {isa = PBXFileReference; lastKnownFileType = wrapper.framework; name = XCTest.framework; path = Library/Frameworks/XCTest.framework; sourceTree = DEVELOPER_DIR; };
		C9DCDB9818DAAE5C006E587F /* yelpclientTests-Info.plist */ = {isa = PBXFileReference; lastKnownFileType = text.plist.xml; path = "yelpclientTests-Info.plist"; sourceTree = "<group>"; };
		C9DCDB9A18DAAE5C006E587F /* en */ = {isa = PBXFileReference; lastKnownFileType = text.plist.strings; name = en; path = en.lproj/InfoPlist.strings; sourceTree = "<group>"; };
		C9DCDB9C18DAAE5C006E587F /* AZYelpClientTest.m */ = {isa = PBXFileReference; lastKnownFileType = sourcecode.c.objc; path = AZYelpClientTest.m; sourceTree = "<group>"; };
/* End PBXFileReference section */

/* Begin PBXFrameworksBuildPhase section */
		C9DCDB7118DAAE5B006E587F /* Frameworks */ = {
			isa = PBXFrameworksBuildPhase;
			buildActionMask = 2147483647;
			files = (
				C981837418DF727500E2BA7B /* CoreLocation.framework in Frameworks */,
				C9DCDB7A18DAAE5C006E587F /* CoreGraphics.framework in Frameworks */,
				C9DCDB7C18DAAE5C006E587F /* UIKit.framework in Frameworks */,
				C9DCDB7818DAAE5C006E587F /* Foundation.framework in Frameworks */,
				C28536A40B424BDB9741F103 /* libPods.a in Frameworks */,
			);
			runOnlyForDeploymentPostprocessing = 0;
		};
		C9DCDB8C18DAAE5C006E587F /* Frameworks */ = {
			isa = PBXFrameworksBuildPhase;
			buildActionMask = 2147483647;
			files = (
				C9DCDB9118DAAE5C006E587F /* XCTest.framework in Frameworks */,
				C9DCDB9318DAAE5C006E587F /* UIKit.framework in Frameworks */,
				C9DCDB9218DAAE5C006E587F /* Foundation.framework in Frameworks */,
			);
			runOnlyForDeploymentPostprocessing = 0;
		};
/* End PBXFrameworksBuildPhase section */

/* Begin PBXGroup section */
		C981833218DAD3B500E2BA7B /* net */ = {
			isa = PBXGroup;
			children = (
				C981832F18DAD06A00E2BA7B /* AZYelpClient.h */,
				C981833018DAD06A00E2BA7B /* AZYelpClient.m */,
			);
			name = net;
			sourceTree = "<group>";
		};
		C981833318DBB7A500E2BA7B /* models */ = {
			isa = PBXGroup;
			children = (
				C981833418DBB80400E2BA7B /* AZYelpBusiness.h */,
				C981833518DBB80400E2BA7B /* AZYelpBusiness.m */,
				C981833718DC0DDE00E2BA7B /* AZYelpSearchResult.h */,
				C981833818DC0DDE00E2BA7B /* AZYelpSearchResult.m */,
				C981834D18DD00F800E2BA7B /* AZYelpError.h */,
				C981834E18DD00F800E2BA7B /* AZYelpError.m */,
				C981836618DE77D700E2BA7B /* AZYelpLocation.h */,
				C981836718DE77D700E2BA7B /* AZYelpLocation.m */,
			);
			name = models;
			sourceTree = "<group>";
		};
		C981834C18DCF87800E2BA7B /* Libraries */ = {
			isa = PBXGroup;
			children = (
			);
			name = Libraries;
			sourceTree = "<group>";
		};
		C981835018DD3E4A00E2BA7B /* views */ = {
			isa = PBXGroup;
			children = (
				C981835118DD3E9100E2BA7B /* AZYelpBusinessCell.h */,
				C981835218DD3E9100E2BA7B /* AZYelpBusinessCell.m */,
				C981835318DD3E9100E2BA7B /* AZYelpBusinessCell.xib */,
				C981837C18DF9A6300E2BA7B /* AZYelpSearchBar.h */,
				C981837D18DF9A6300E2BA7B /* AZYelpSearchBar.m */,
				C981837E18DF9A6300E2BA7B /* AZYelpSearchBar.xib */,
				C981839B18DFE49700E2BA7B /* AZYelpFilterCell.h */,
				C981839C18DFE49700E2BA7B /* AZYelpFilterCell.m */,
				C981839D18DFE49700E2BA7B /* AZYelpFilterCell.xib */,
				C98183A618E01F8500E2BA7B /* AZYelpFilterLabel.h */,
				C98183A718E01F8500E2BA7B /* AZYelpFilterLabel.m */,
			);
			name = views;
			sourceTree = "<group>";
		};
		C981835618DE0B1F00E2BA7B /* controllers */ = {
			isa = PBXGroup;
			children = (
				C981835718DE0BCE00E2BA7B /* AZYelpSearchController.h */,
				C981835818DE0BCE00E2BA7B /* AZYelpSearchController.m */,
				C981835918DE0BCE00E2BA7B /* AZYelpSearchController.xib */,
				C981837518DF8F5B00E2BA7B /* AZYelpNavigationController.h */,
				C981837618DF8F5B00E2BA7B /* AZYelpNavigationController.m */,
				C981838618DFAC0700E2BA7B /* AZYelpFilterController.h */,
				C981838718DFAC0700E2BA7B /* AZYelpFilterController.m */,
				C981838818DFAC0700E2BA7B /* AZYelpFilterController.xib */,
			);
			name = controllers;
			sourceTree = "<group>";
		};
		C981836A18DF6BBF00E2BA7B /* utils */ = {
			isa = PBXGroup;
			children = (
				C981836F18DF6C0700E2BA7B /* AZLocationManager.h */,
				C981837018DF6C0700E2BA7B /* AZLocationManager.m */,
			);
			name = utils;
			sourceTree = "<group>";
		};
		C9DCDB6B18DAAE5B006E587F = {
			isa = PBXGroup;
			children = (
				C981834C18DCF87800E2BA7B /* Libraries */,
				C9DCDB7D18DAAE5C006E587F /* yelpclient */,
				C9DCDB9618DAAE5C006E587F /* yelpclientTests */,
				C9DCDB7618DAAE5B006E587F /* Frameworks */,
				C9DCDB7518DAAE5B006E587F /* Products */,
				5FB785CADB5F4A4485A6323F /* Pods.xcconfig */,
			);
			sourceTree = "<group>";
		};
		C9DCDB7518DAAE5B006E587F /* Products */ = {
			isa = PBXGroup;
			children = (
				C9DCDB7418DAAE5B006E587F /* yelpclient.app */,
				C9DCDB8F18DAAE5C006E587F /* yelpclientTests.xctest */,
			);
			name = Products;
			sourceTree = "<group>";
		};
		C9DCDB7618DAAE5B006E587F /* Frameworks */ = {
			isa = PBXGroup;
			children = (
				C981837318DF727500E2BA7B /* CoreLocation.framework */,
				C9DCDB7718DAAE5B006E587F /* Foundation.framework */,
				C9DCDB7918DAAE5C006E587F /* CoreGraphics.framework */,
				C9DCDB7B18DAAE5C006E587F /* UIKit.framework */,
				C9DCDB9018DAAE5C006E587F /* XCTest.framework */,
				7613A75D385B4F668475DAA6 /* libPods.a */,
			);
			name = Frameworks;
			sourceTree = "<group>";
		};
		C9DCDB7D18DAAE5C006E587F /* yelpclient */ = {
			isa = PBXGroup;
			children = (
				C981836A18DF6BBF00E2BA7B /* utils */,
				C981835618DE0B1F00E2BA7B /* controllers */,
				C981835018DD3E4A00E2BA7B /* views */,
				C981833318DBB7A500E2BA7B /* models */,
				C981833218DAD3B500E2BA7B /* net */,
				C9DCDB8618DAAE5C006E587F /* AZAppDelegate.h */,
				C9DCDB8718DAAE5C006E587F /* AZAppDelegate.m */,
				C9DCDB8918DAAE5C006E587F /* Images.xcassets */,
				C9DCDB7E18DAAE5C006E587F /* Supporting Files */,
			);
			path = yelpclient;
			sourceTree = "<group>";
		};
		C9DCDB7E18DAAE5C006E587F /* Supporting Files */ = {
			isa = PBXGroup;
			children = (
				C981838D18DFB3E400E2BA7B /* filters.plist */,
				C9DCDB7F18DAAE5C006E587F /* yelpclient-Info.plist */,
				C9DCDB8018DAAE5C006E587F /* InfoPlist.strings */,
				C9DCDB8318DAAE5C006E587F /* main.m */,
				C9DCDB8518DAAE5C006E587F /* yelpclient-Prefix.pch */,
			);
			name = "Supporting Files";
			sourceTree = "<group>";
		};
		C9DCDB9618DAAE5C006E587F /* yelpclientTests */ = {
			isa = PBXGroup;
			children = (
				C9DCDB9C18DAAE5C006E587F /* AZYelpClientTest.m */,
				C9DCDB9718DAAE5C006E587F /* Supporting Files */,
			);
			path = yelpclientTests;
			sourceTree = "<group>";
		};
		C9DCDB9718DAAE5C006E587F /* Supporting Files */ = {
			isa = PBXGroup;
			children = (
				C9DCDB9818DAAE5C006E587F /* yelpclientTests-Info.plist */,
				C9DCDB9918DAAE5C006E587F /* InfoPlist.strings */,
			);
			name = "Supporting Files";
			sourceTree = "<group>";
		};
/* End PBXGroup section */

/* Begin PBXNativeTarget section */
		C9DCDB7318DAAE5B006E587F /* yelpclient */ = {
			isa = PBXNativeTarget;
			buildConfigurationList = C9DCDBA018DAAE5C006E587F /* Build configuration list for PBXNativeTarget "yelpclient" */;
			buildPhases = (
				DBD284A377E549F5890DFC83 /* Check Pods Manifest.lock */,
				C9DCDB7018DAAE5B006E587F /* Sources */,
				C9DCDB7118DAAE5B006E587F /* Frameworks */,
				C9DCDB7218DAAE5B006E587F /* Resources */,
				9C0E9DB124084D24A8EA1B5A /* Copy Pods Resources */,
			);
			buildRules = (
			);
			dependencies = (
			);
			name = yelpclient;
			productName = yelpclient;
			productReference = C9DCDB7418DAAE5B006E587F /* yelpclient.app */;
			productType = "com.apple.product-type.application";
		};
		C9DCDB8E18DAAE5C006E587F /* yelpclientTests */ = {
			isa = PBXNativeTarget;
			buildConfigurationList = C9DCDBA318DAAE5C006E587F /* Build configuration list for PBXNativeTarget "yelpclientTests" */;
			buildPhases = (
				C9DCDB8B18DAAE5C006E587F /* Sources */,
				C9DCDB8C18DAAE5C006E587F /* Frameworks */,
				C9DCDB8D18DAAE5C006E587F /* Resources */,
			);
			buildRules = (
			);
			dependencies = (
				C9DCDB9518DAAE5C006E587F /* PBXTargetDependency */,
			);
			name = yelpclientTests;
			productName = yelpclientTests;
			productReference = C9DCDB8F18DAAE5C006E587F /* yelpclientTests.xctest */;
			productType = "com.apple.product-type.bundle.unit-test";
		};
/* End PBXNativeTarget section */

/* Begin PBXProject section */
		C9DCDB6C18DAAE5B006E587F /* Project object */ = {
			isa = PBXProject;
			attributes = {
				CLASSPREFIX = AZ;
				LastUpgradeCheck = 0510;
				ORGANIZATIONNAME = "Jonathan Azoff";
				TargetAttributes = {
					C9DCDB7318DAAE5B006E587F = {
						DevelopmentTeam = LYS5QV8874;
					};
					C9DCDB8E18DAAE5C006E587F = {
						TestTargetID = C9DCDB7318DAAE5B006E587F;
					};
				};
			};
			buildConfigurationList = C9DCDB6F18DAAE5B006E587F /* Build configuration list for PBXProject "yelpclient" */;
			compatibilityVersion = "Xcode 3.2";
			developmentRegion = English;
			hasScannedForEncodings = 0;
			knownRegions = (
				en,
			);
			mainGroup = C9DCDB6B18DAAE5B006E587F;
			productRefGroup = C9DCDB7518DAAE5B006E587F /* Products */;
			projectDirPath = "";
			projectRoot = "";
			targets = (
				C9DCDB7318DAAE5B006E587F /* yelpclient */,
				C9DCDB8E18DAAE5C006E587F /* yelpclientTests */,
			);
		};
/* End PBXProject section */

/* Begin PBXResourcesBuildPhase section */
		C9DCDB7218DAAE5B006E587F /* Resources */ = {
			isa = PBXResourcesBuildPhase;
			buildActionMask = 2147483647;
			files = (
				C98183A018DFE49700E2BA7B /* AZYelpFilterCell.xib in Resources */,
				C981838118DF9A6300E2BA7B /* AZYelpSearchBar.xib in Resources */,
				C9DCDB8218DAAE5C006E587F /* InfoPlist.strings in Resources */,
				C981835C18DE0BCE00E2BA7B /* AZYelpSearchController.xib in Resources */,
				C9DCDB8A18DAAE5C006E587F /* Images.xcassets in Resources */,
				C981838B18DFAC0700E2BA7B /* AZYelpFilterController.xib in Resources */,
				C981835518DD3E9100E2BA7B /* AZYelpBusinessCell.xib in Resources */,
				C981838E18DFB3E400E2BA7B /* filters.plist in Resources */,
			);
			runOnlyForDeploymentPostprocessing = 0;
		};
		C9DCDB8D18DAAE5C006E587F /* Resources */ = {
			isa = PBXResourcesBuildPhase;
			buildActionMask = 2147483647;
			files = (
				C981838218DF9A6300E2BA7B /* AZYelpSearchBar.xib in Resources */,
				C9DCDB9B18DAAE5C006E587F /* InfoPlist.strings in Resources */,
				C98183A118DFE49700E2BA7B /* AZYelpFilterCell.xib in Resources */,
				C981838F18DFB3E400E2BA7B /* filters.plist in Resources */,
				C981838C18DFAC0700E2BA7B /* AZYelpFilterController.xib in Resources */,
				C981835D18DE0BCE00E2BA7B /* AZYelpSearchController.xib in Resources */,
			);
			runOnlyForDeploymentPostprocessing = 0;
		};
/* End PBXResourcesBuildPhase section */

/* Begin PBXShellScriptBuildPhase section */
		9C0E9DB124084D24A8EA1B5A /* Copy Pods Resources */ = {
			isa = PBXShellScriptBuildPhase;
			buildActionMask = 2147483647;
			files = (
			);
			inputPaths = (
			);
			name = "Copy Pods Resources";
			outputPaths = (
			);
			runOnlyForDeploymentPostprocessing = 0;
			shellPath = /bin/sh;
			shellScript = "\"${SRCROOT}/Pods/Pods-resources.sh\"\n";
			showEnvVarsInLog = 0;
		};
		DBD284A377E549F5890DFC83 /* Check Pods Manifest.lock */ = {
			isa = PBXShellScriptBuildPhase;
			buildActionMask = 2147483647;
			files = (
			);
			inputPaths = (
			);
			name = "Check Pods Manifest.lock";
			outputPaths = (
			);
			runOnlyForDeploymentPostprocessing = 0;
			shellPath = /bin/sh;
			shellScript = "diff \"${PODS_ROOT}/../Podfile.lock\" \"${PODS_ROOT}/Manifest.lock\" > /dev/null\nif [[ $? != 0 ]] ; then\n    cat << EOM\nerror: The sandbox is not in sync with the Podfile.lock. Run 'pod install' or update your CocoaPods installation.\nEOM\n    exit 1\nfi\n";
			showEnvVarsInLog = 0;
		};
/* End PBXShellScriptBuildPhase section */

/* Begin PBXSourcesBuildPhase section */
		C9DCDB7018DAAE5B006E587F /* Sources */ = {
			isa = PBXSourcesBuildPhase;
			buildActionMask = 2147483647;
			files = (
				C981837F18DF9A6300E2BA7B /* AZYelpSearchBar.m in Sources */,
				C981835418DD3E9100E2BA7B /* AZYelpBusinessCell.m in Sources */,
				C98183A818E01F8500E2BA7B /* AZYelpFilterLabel.m in Sources */,
				C981839E18DFE49700E2BA7B /* AZYelpFilterCell.m in Sources */,
				C981837118DF6C0700E2BA7B /* AZLocationManager.m in Sources */,
				C981833618DBB80400E2BA7B /* AZYelpBusiness.m in Sources */,
				C981833118DAD06A00E2BA7B /* AZYelpClient.m in Sources */,
				C9DCDB8418DAAE5C006E587F /* main.m in Sources */,
				C981838918DFAC0700E2BA7B /* AZYelpFilterController.m in Sources */,
				C981836818DE77D700E2BA7B /* AZYelpLocation.m in Sources */,
				C9DCDB8818DAAE5C006E587F /* AZAppDelegate.m in Sources */,
				C981837818DF8F5B00E2BA7B /* AZYelpNavigationController.m in Sources */,
				C981835A18DE0BCE00E2BA7B /* AZYelpSearchController.m in Sources */,
				C981833918DC0DDE00E2BA7B /* AZYelpSearchResult.m in Sources */,
				C981834F18DD00F800E2BA7B /* AZYelpError.m in Sources */,
			);
			runOnlyForDeploymentPostprocessing = 0;
		};
		C9DCDB8B18DAAE5C006E587F /* Sources */ = {
			isa = PBXSourcesBuildPhase;
			buildActionMask = 2147483647;
			files = (
				C981839F18DFE49700E2BA7B /* AZYelpFilterCell.m in Sources */,
				C981838018DF9A6300E2BA7B /* AZYelpSearchBar.m in Sources */,
				C9DCDB9D18DAAE5C006E587F /* AZYelpClientTest.m in Sources */,
				C981838A18DFAC0700E2BA7B /* AZYelpFilterController.m in Sources */,
				C981837918DF8F5B00E2BA7B /* AZYelpNavigationController.m in Sources */,
				C98183A918E01F8500E2BA7B /* AZYelpFilterLabel.m in Sources */,
				C981836918DE77D700E2BA7B /* AZYelpLocation.m in Sources */,
				C981835B18DE0BCE00E2BA7B /* AZYelpSearchController.m in Sources */,
				C981837218DF6C0700E2BA7B /* AZLocationManager.m in Sources */,
			);
			runOnlyForDeploymentPostprocessing = 0;
		};
/* End PBXSourcesBuildPhase section */

/* Begin PBXTargetDependency section */
		C9DCDB9518DAAE5C006E587F /* PBXTargetDependency */ = {
			isa = PBXTargetDependency;
			target = C9DCDB7318DAAE5B006E587F /* yelpclient */;
			targetProxy = C9DCDB9418DAAE5C006E587F /* PBXContainerItemProxy */;
		};
/* End PBXTargetDependency section */

/* Begin PBXVariantGroup section */
		C9DCDB8018DAAE5C006E587F /* InfoPlist.strings */ = {
			isa = PBXVariantGroup;
			children = (
				C9DCDB8118DAAE5C006E587F /* en */,
			);
			name = InfoPlist.strings;
			sourceTree = "<group>";
		};
		C9DCDB9918DAAE5C006E587F /* InfoPlist.strings */ = {
			isa = PBXVariantGroup;
			children = (
				C9DCDB9A18DAAE5C006E587F /* en */,
			);
			name = InfoPlist.strings;
			sourceTree = "<group>";
		};
/* End PBXVariantGroup section */

/* Begin XCBuildConfiguration section */
		C9DCDB9E18DAAE5C006E587F /* Debug */ = {
			isa = XCBuildConfiguration;
			buildSettings = {
				ALWAYS_SEARCH_USER_PATHS = NO;
				CLANG_CXX_LANGUAGE_STANDARD = "gnu++0x";
				CLANG_CXX_LIBRARY = "libc++";
				CLANG_ENABLE_MODULES = YES;
				CLANG_ENABLE_OBJC_ARC = YES;
				CLANG_WARN_BOOL_CONVERSION = YES;
				CLANG_WARN_CONSTANT_CONVERSION = YES;
				CLANG_WARN_DIRECT_OBJC_ISA_USAGE = YES_ERROR;
				CLANG_WARN_EMPTY_BODY = YES;
				CLANG_WARN_ENUM_CONVERSION = YES;
				CLANG_WARN_INT_CONVERSION = YES;
				CLANG_WARN_OBJC_ROOT_CLASS = YES_ERROR;
				CLANG_WARN__DUPLICATE_METHOD_MATCH = YES;
				"CODE_SIGN_IDENTITY[sdk=iphoneos*]" = "iPhone Developer";
				COPY_PHASE_STRIP = NO;
				GCC_C_LANGUAGE_STANDARD = gnu99;
				GCC_DYNAMIC_NO_PIC = NO;
				GCC_OPTIMIZATION_LEVEL = 0;
				GCC_PREPROCESSOR_DEFINITIONS = (
					"DEBUG=1",
					"$(inherited)",
				);
				GCC_SYMBOLS_PRIVATE_EXTERN = NO;
				GCC_WARN_64_TO_32_BIT_CONVERSION = YES;
				GCC_WARN_ABOUT_RETURN_TYPE = YES_ERROR;
				GCC_WARN_UNDECLARED_SELECTOR = YES;
				GCC_WARN_UNINITIALIZED_AUTOS = YES_AGGRESSIVE;
				GCC_WARN_UNUSED_FUNCTION = YES;
				GCC_WARN_UNUSED_VARIABLE = YES;
				IPHONEOS_DEPLOYMENT_TARGET = 7.1;
				ONLY_ACTIVE_ARCH = YES;
				SDKROOT = iphoneos;
			};
			name = Debug;
		};
		C9DCDB9F18DAAE5C006E587F /* Release */ = {
			isa = XCBuildConfiguration;
			buildSettings = {
				ALWAYS_SEARCH_USER_PATHS = NO;
				CLANG_CXX_LANGUAGE_STANDARD = "gnu++0x";
				CLANG_CXX_LIBRARY = "libc++";
				CLANG_ENABLE_MODULES = YES;
				CLANG_ENABLE_OBJC_ARC = YES;
				CLANG_WARN_BOOL_CONVERSION = YES;
				CLANG_WARN_CONSTANT_CONVERSION = YES;
				CLANG_WARN_DIRECT_OBJC_ISA_USAGE = YES_ERROR;
				CLANG_WARN_EMPTY_BODY = YES;
				CLANG_WARN_ENUM_CONVERSION = YES;
				CLANG_WARN_INT_CONVERSION = YES;
				CLANG_WARN_OBJC_ROOT_CLASS = YES_ERROR;
				CLANG_WARN__DUPLICATE_METHOD_MATCH = YES;
				"CODE_SIGN_IDENTITY[sdk=iphoneos*]" = "iPhone Developer";
				COPY_PHASE_STRIP = YES;
				ENABLE_NS_ASSERTIONS = NO;
				GCC_C_LANGUAGE_STANDARD = gnu99;
				GCC_WARN_64_TO_32_BIT_CONVERSION = YES;
				GCC_WARN_ABOUT_RETURN_TYPE = YES_ERROR;
				GCC_WARN_UNDECLARED_SELECTOR = YES;
				GCC_WARN_UNINITIALIZED_AUTOS = YES_AGGRESSIVE;
				GCC_WARN_UNUSED_FUNCTION = YES;
				GCC_WARN_UNUSED_VARIABLE = YES;
				IPHONEOS_DEPLOYMENT_TARGET = 7.1;
				SDKROOT = iphoneos;
				VALIDATE_PRODUCT = YES;
			};
			name = Release;
		};
		C9DCDBA118DAAE5C006E587F /* Debug */ = {
			isa = XCBuildConfiguration;
			baseConfigurationReference = 5FB785CADB5F4A4485A6323F /* Pods.xcconfig */;
			buildSettings = {
				ASSETCATALOG_COMPILER_APPICON_NAME = AppIcon;
				ASSETCATALOG_COMPILER_LAUNCHIMAGE_NAME = LaunchImage;
				CODE_SIGN_IDENTITY = "iPhone Developer";
				GCC_PRECOMPILE_PREFIX_HEADER = YES;
				GCC_PREFIX_HEADER = "yelpclient/yelpclient-Prefix.pch";
				HEADER_SEARCH_PATHS = (
					"\"${PODS_ROOT}/Headers\"/**",
					"$(inherited)/**",
				);
				INFOPLIST_FILE = "yelpclient/yelpclient-Info.plist";
				PRODUCT_NAME = "$(TARGET_NAME)";
				WRAPPER_EXTENSION = app;
			};
			name = Debug;
		};
		C9DCDBA218DAAE5C006E587F /* Release */ = {
			isa = XCBuildConfiguration;
			baseConfigurationReference = 5FB785CADB5F4A4485A6323F /* Pods.xcconfig */;
			buildSettings = {
				ASSETCATALOG_COMPILER_APPICON_NAME = AppIcon;
				ASSETCATALOG_COMPILER_LAUNCHIMAGE_NAME = LaunchImage;
				CODE_SIGN_IDENTITY = "iPhone Developer";
				GCC_PRECOMPILE_PREFIX_HEADER = YES;
				GCC_PREFIX_HEADER = "yelpclient/yelpclient-Prefix.pch";
				HEADER_SEARCH_PATHS = (
					"\"${PODS_ROOT}/Headers\"/**",
					"$(inherited)/**",
				);
				INFOPLIST_FILE = "yelpclient/yelpclient-Info.plist";
				PRODUCT_NAME = "$(TARGET_NAME)";
				WRAPPER_EXTENSION = app;
			};
			name = Release;
		};
		C9DCDBA418DAAE5C006E587F /* Debug */ = {
			isa = XCBuildConfiguration;
			buildSettings = {
				BUNDLE_LOADER = "$(BUILT_PRODUCTS_DIR)/yelpclient.app/yelpclient";
				FRAMEWORK_SEARCH_PATHS = (
					"$(SDKROOT)/Developer/Library/Frameworks",
					"$(inherited)",
					"$(DEVELOPER_FRAMEWORKS_DIR)",
				);
				GCC_PRECOMPILE_PREFIX_HEADER = YES;
				GCC_PREFIX_HEADER = "yelpclient/yelpclient-Prefix.pch";
				GCC_PREPROCESSOR_DEFINITIONS = (
					"DEBUG=1",
					"$(inherited)",
				);
				HEADER_SEARCH_PATHS = (
					"\"${PODS_ROOT}/Headers\"/**",
					"$(inherited)/**",
				);
				INFOPLIST_FILE = "yelpclientTests/yelpclientTests-Info.plist";
				PODS_ROOT = "${SRCROOT}/Pods";
				PRODUCT_NAME = "$(TARGET_NAME)";
				TEST_HOST = "$(BUNDLE_LOADER)";
				WRAPPER_EXTENSION = xctest;
			};
			name = Debug;
		};
		C9DCDBA518DAAE5C006E587F /* Release */ = {
			isa = XCBuildConfiguration;
			buildSettings = {
				BUNDLE_LOADER = "$(BUILT_PRODUCTS_DIR)/yelpclient.app/yelpclient";
				FRAMEWORK_SEARCH_PATHS = (
					"$(SDKROOT)/Developer/Library/Frameworks",
					"$(inherited)",
					"$(DEVELOPER_FRAMEWORKS_DIR)",
				);
				GCC_PRECOMPILE_PREFIX_HEADER = YES;
				GCC_PREFIX_HEADER = "yelpclient/yelpclient-Prefix.pch";
				HEADER_SEARCH_PATHS = (
					"\"${PODS_ROOT}/Headers\"/**",
					"$(inherited)/**",
				);
				INFOPLIST_FILE = "yelpclientTests/yelpclientTests-Info.plist";
				PODS_ROOT = "${SRCROOT}/Pods";
				PRODUCT_NAME = "$(TARGET_NAME)";
				TEST_HOST = "$(BUNDLE_LOADER)";
				WRAPPER_EXTENSION = xctest;
			};
			name = Release;
		};
/* End XCBuildConfiguration section */

/* Begin XCConfigurationList section */
		C9DCDB6F18DAAE5B006E587F /* Build configuration list for PBXProject "yelpclient" */ = {
			isa = XCConfigurationList;
			buildConfigurations = (
				C9DCDB9E18DAAE5C006E587F /* Debug */,
				C9DCDB9F18DAAE5C006E587F /* Release */,
			);
			defaultConfigurationIsVisible = 0;
			defaultConfigurationName = Release;
		};
		C9DCDBA018DAAE5C006E587F /* Build configuration list for PBXNativeTarget "yelpclient" */ = {
			isa = XCConfigurationList;
			buildConfigurations = (
				C9DCDBA118DAAE5C006E587F /* Debug */,
				C9DCDBA218DAAE5C006E587F /* Release */,
			);
			defaultConfigurationIsVisible = 0;
			defaultConfigurationName = Release;
		};
		C9DCDBA318DAAE5C006E587F /* Build configuration list for PBXNativeTarget "yelpclientTests" */ = {
			isa = XCConfigurationList;
			buildConfigurations = (
				C9DCDBA418DAAE5C006E587F /* Debug */,
				C9DCDBA518DAAE5C006E587F /* Release */,
			);
			defaultConfigurationIsVisible = 0;
			defaultConfigurationName = Release;
		};
/* End XCConfigurationList section */
	};
	rootObject = C9DCDB6C18DAAE5B006E587F /* Project object */;
}
